
Microsoft Visual Studio Solution File, Format Version 12.00
# Visual Studio 15
VisualStudioVersion = 15.0.28307.168
MinimumVisualStudioVersion = 10.0.40219.1
Project("{8BC9CEB8-8B4A-11D0-8D11-00A0C91BC942}") = "LinuxProject1", "LinuxProject1\LinuxProject1.vcxproj", "{BDA08BE5-778D-4765-A739-5587421EF6EA}"
EndProject
Global
	GlobalSection(SolutionConfigurationPlatforms) = preSolution
		Debug|VisualGDB = Debug|VisualGDB
		Release|VisualGDB = Release|VisualGDB
	EndGlobalSection
	GlobalSection(ProjectConfigurationPlatforms) = postSolution
		{BDA08BE5-778D-4765-A739-5587421EF6EA}.Debug|VisualGDB.ActiveCfg = Debug|VisualGDB
		{BDA08BE5-778D-4765-A739-5587421EF6EA}.Debug|VisualGDB.Build.0 = Debug|VisualGDB
		{BDA08BE5-778D-4765-A739-5587421EF6EA}.Release|VisualGDB.ActiveCfg = Release|VisualGDB
		{BDA08BE5-778D-4765-A739-5587421EF6EA}.Release|VisualGDB.Build.0 = Release|VisualGDB
	EndGlobalSection
	GlobalSection(SolutionProperties) = preSolution
		HideSolutionNode = FALSE
	EndGlobalSection
	GlobalSection(ExtensibilityGlobals) = postSolution
		SolutionGuid = {38005A88-E612-4AF6-8E77-D7E14E3806F4}
	EndGlobalSection
EndGlobal
